// !$*UTF8*$!
{
	archiveVersion = 1;
	classes = {
	};
	objectVersion = 46;
	objects = {

/* Begin PBXBuildFile section */
		2D5ADAC61B153D7A00D5F860 /* AppDelegate.swift in Sources */ = {isa = PBXBuildFile; fileRef = 2D5ADAC51B153D7A00D5F860 /* AppDelegate.swift */; };
		2D5ADAC81B153D7A00D5F860 /* ViewController.swift in Sources */ = {isa = PBXBuildFile; fileRef = 2D5ADAC71B153D7A00D5F860 /* ViewController.swift */; };
		2D5ADACB1B153D7A00D5F860 /* Main.storyboard in Resources */ = {isa = PBXBuildFile; fileRef = 2D5ADAC91B153D7A00D5F860 /* Main.storyboard */; };
		2D5ADACD1B153D7A00D5F860 /* Images.xcassets in Resources */ = {isa = PBXBuildFile; fileRef = 2D5ADACC1B153D7A00D5F860 /* Images.xcassets */; };
		2D5ADAD01B153D7A00D5F860 /* LaunchScreen.xib in Resources */ = {isa = PBXBuildFile; fileRef = 2D5ADACE1B153D7A00D5F860 /* LaunchScreen.xib */; };
		2D5ADADC1B153D7A00D5F860 /* LemonadeStandGameTests.swift in Sources */ = {isa = PBXBuildFile; fileRef = 2D5ADADB1B153D7A00D5F860 /* LemonadeStandGameTests.swift */; };
		2D5ADB301B15982400D5F860 /* Supplies.swift in Sources */ = {isa = PBXBuildFile; fileRef = 2D5ADB2F1B15982400D5F860 /* Supplies.swift */; };
		2D5ADB321B1598DB00D5F860 /* Price.swift in Sources */ = {isa = PBXBuildFile; fileRef = 2D5ADB311B1598DB00D5F860 /* Price.swift */; };
		2D5ADB341B15A12200D5F860 /* Weather.swift in Sources */ = {isa = PBXBuildFile; fileRef = 2D5ADB331B15A12200D5F860 /* Weather.swift */; };
/* End PBXBuildFile section */

/* Begin PBXContainerItemProxy section */
		2D5ADAD61B153D7A00D5F860 /* PBXContainerItemProxy */ = {
			isa = PBXContainerItemProxy;
			containerPortal = 2D5ADAB81B153D7A00D5F860 /* Project object */;
			proxyType = 1;
			remoteGlobalIDString = 2D5ADABF1B153D7A00D5F860;
			remoteInfo = LemonadeStandGame;
		};
/* End PBXContainerItemProxy section */

/* Begin PBXFileReference section */
		2D5ADAC01B153D7A00D5F860 /* LemonadeStandGame.app */ = {isa = PBXFileReference; explicitFileType = wrapper.application; includeInIndex = 0; path = LemonadeStandGame.app; sourceTree = BUILT_PRODUCTS_DIR; };
		2D5ADAC41B153D7A00D5F860 /* Info.plist */ = {isa = PBXFileReference; lastKnownFileType = text.plist.xml; path = Info.plist; sourceTree = "<group>"; };
		2D5ADAC51B153D7A00D5F860 /* AppDelegate.swift */ = {isa = PBXFileReference; lastKnownFileType = sourcecode.swift; path = AppDelegate.swift; sourceTree = "<group>"; };
		2D5ADAC71B153D7A00D5F860 /* ViewController.swift */ = {isa = PBXFileReference; lastKnownFileType = sourcecode.swift; path = ViewController.swift; sourceTree = "<group>"; };
		2D5ADACA1B153D7A00D5F860 /* Base */ = {isa = PBXFileReference; lastKnownFileType = file.storyboard; name = Base; path = Base.lproj/Main.storyboard; sourceTree = "<group>"; };
		2D5ADACC1B153D7A00D5F860 /* Images.xcassets */ = {isa = PBXFileReference; lastKnownFileType = folder.assetcatalog; path = Images.xcassets; sourceTree = "<group>"; };
		2D5ADACF1B153D7A00D5F860 /* Base */ = {isa = PBXFileReference; lastKnownFileType = file.xib; name = Base; path = Base.lproj/LaunchScreen.xib; sourceTree = "<group>"; };
		2D5ADAD51B153D7A00D5F860 /* LemonadeStandGameTests.xctest */ = {isa = PBXFileReference; explicitFileType = wrapper.cfbundle; includeInIndex = 0; path = LemonadeStandGameTests.xctest; sourceTree = BUILT_PRODUCTS_DIR; };
		2D5ADADA1B153D7A00D5F860 /* Info.plist */ = {isa = PBXFileReference; lastKnownFileType = text.plist.xml; path = Info.plist; sourceTree = "<group>"; };
		2D5ADADB1B153D7A00D5F860 /* LemonadeStandGameTests.swift */ = {isa = PBXFileReference; lastKnownFileType = sourcecode.swift; path = LemonadeStandGameTests.swift; sourceTree = "<group>"; };
		2D5ADB2F1B15982400D5F860 /* Supplies.swift */ = {isa = PBXFileReference; fileEncoding = 4; lastKnownFileType = sourcecode.swift; path = Supplies.swift; sourceTree = "<group>"; };
		2D5ADB311B1598DB00D5F860 /* Price.swift */ = {isa = PBXFileReference; fileEncoding = 4; lastKnownFileType = sourcecode.swift; path = Price.swift; sourceTree = "<group>"; };
		2D5ADB331B15A12200D5F860 /* Weather.swift */ = {isa = PBXFileReference; fileEncoding = 4; lastKnownFileType = sourcecode.swift; path = Weather.swift; sourceTree = "<group>"; };
/* End PBXFileReference section */

/* Begin PBXFrameworksBuildPhase section */
		2D5ADABD1B153D7A00D5F860 /* Frameworks */ = {
			isa = PBXFrameworksBuildPhase;
			buildActionMask = 2147483647;
			files = (
			);
			runOnlyForDeploymentPostprocessing = 0;
		};
		2D5ADAD21B153D7A00D5F860 /* Frameworks */ = {
			isa = PBXFrameworksBuildPhase;
			buildActionMask = 2147483647;
			files = (
			);
			runOnlyForDeploymentPostprocessing = 0;
		};
/* End PBXFrameworksBuildPhase section */

/* Begin PBXGroup section */
		2D5ADAB71B153D7A00D5F860 = {
			isa = PBXGroup;
			children = (
				2D5ADAC21B153D7A00D5F860 /* LemonadeStandGame */,
				2D5ADAD81B153D7A00D5F860 /* LemonadeStandGameTests */,
				2D5ADAC11B153D7A00D5F860 /* Products */,
			);
			sourceTree = "<group>";
		};
		2D5ADAC11B153D7A00D5F860 /* Products */ = {
			isa = PBXGroup;
			children = (
				2D5ADAC01B153D7A00D5F860 /* LemonadeStandGame.app */,
				2D5ADAD51B153D7A00D5F860 /* LemonadeStandGameTests.xctest */,
			);
			name = Products;
			sourceTree = "<group>";
		};
		2D5ADAC21B153D7A00D5F860 /* LemonadeStandGame */ = {
			isa = PBXGroup;
			children = (
				2D5ADAC51B153D7A00D5F860 /* AppDelegate.swift */,
				2D5ADAC71B153D7A00D5F860 /* ViewController.swift */,
				2D5ADB331B15A12200D5F860 /* Weather.swift */,
				2D5ADB2F1B15982400D5F860 /* Supplies.swift */,
				2D5ADB311B1598DB00D5F860 /* Price.swift */,
				2D5ADAC91B153D7A00D5F860 /* Main.storyboard */,
				2D5ADACC1B153D7A00D5F860 /* Images.xcassets */,
				2D5ADACE1B153D7A00D5F860 /* LaunchScreen.xib */,
				2D5ADAC31B153D7A00D5F860 /* Supporting Files */,
			);
			path = LemonadeStandGame;
			sourceTree = "<group>";
		};
		2D5ADAC31B153D7A00D5F860 /* Supporting Files */ = {
			isa = PBXGroup;
			children = (
				2D5ADAC41B153D7A00D5F860 /* Info.plist */,
			);
			name = "Supporting Files";
			sourceTree = "<group>";
		};
		2D5ADAD81B153D7A00D5F860 /* LemonadeStandGameTests */ = {
			isa = PBXGroup;
			children = (
				2D5ADADB1B153D7A00D5F860 /* LemonadeStandGameTests.swift */,
				2D5ADAD91B153D7A00D5F860 /* Supporting Files */,
			);
			path = LemonadeStandGameTests;
			sourceTree = "<group>";
		};
		2D5ADAD91B153D7A00D5F860 /* Supporting Files */ = {
			isa = PBXGroup;
			children = (
				2D5ADADA1B153D7A00D5F860 /* Info.plist */,
			);
			name = "Supporting Files";
			sourceTree = "<group>";
		};
/* End PBXGroup section */

/* Begin PBXNativeTarget section */
		2D5ADABF1B153D7A00D5F860 /* LemonadeStandGame */ = {
			isa = PBXNativeTarget;
			buildConfigurationList = 2D5ADADF1B153D7A00D5F860 /* Build configuration list for PBXNativeTarget "LemonadeStandGame" */;
			buildPhases = (
				2D5ADABC1B153D7A00D5F860 /* Sources */,
				2D5ADABD1B153D7A00D5F860 /* Frameworks */,
				2D5ADABE1B153D7A00D5F860 /* Resources */,
			);
			buildRules = (
			);
			dependencies = (
			);
			name = LemonadeStandGame;
			productName = LemonadeStandGame;
			productReference = 2D5ADAC01B153D7A00D5F860 /* LemonadeStandGame.app */;
			productType = "com.apple.product-type.application";
		};
		2D5ADAD41B153D7A00D5F860 /* LemonadeStandGameTests */ = {
			isa = PBXNativeTarget;
			buildConfigurationList = 2D5ADAE21B153D7A00D5F860 /* Build configuration list for PBXNativeTarget "LemonadeStandGameTests" */;
			buildPhases = (
				2D5ADAD11B153D7A00D5F860 /* Sources */,
				2D5ADAD21B153D7A00D5F860 /* Frameworks */,
				2D5ADAD31B153D7A00D5F860 /* Resources */,
			);
			buildRules = (
			);
			dependencies = (
				2D5ADAD71B153D7A00D5F860 /* PBXTargetDependency */,
			);
			name = LemonadeStandGameTests;
			productName = LemonadeStandGameTests;
			productReference = 2D5ADAD51B153D7A00D5F860 /* LemonadeStandGameTests.xctest */;
			productType = "com.apple.product-type.bundle.unit-test";
		};
/* End PBXNativeTarget section */

/* Begin PBXProject section */
		2D5ADAB81B153D7A00D5F860 /* Project object */ = {
			isa = PBXProject;
			attributes = {
				LastUpgradeCheck = 0630;
				ORGANIZATIONNAME = "Dorothy Feng";
				TargetAttributes = {
					2D5ADABF1B153D7A00D5F860 = {
						CreatedOnToolsVersion = 6.3.1;
					};
					2D5ADAD41B153D7A00D5F860 = {
						CreatedOnToolsVersion = 6.3.1;
						TestTargetID = 2D5ADABF1B153D7A00D5F860;
					};
				};
			};
			buildConfigurationList = 2D5ADABB1B153D7A00D5F860 /* Build configuration list for PBXProject "LemonadeStandGame" */;
			compatibilityVersion = "Xcode 3.2";
			developmentRegion = English;
			hasScannedForEncodings = 0;
			knownRegions = (
				en,
				Base,
			);
			mainGroup = 2D5ADAB71B153D7A00D5F860;
			productRefGroup = 2D5ADAC11B153D7A00D5F860 /* Products */;
			projectDirPath = "";
			projectRoot = "";
			targets = (
				2D5ADABF1B153D7A00D5F860 /* LemonadeStandGame */,
				2D5ADAD41B153D7A00D5F860 /* LemonadeStandGameTests */,
			);
		};
/* End PBXProject section */

/* Begin PBXResourcesBuildPhase section */
		2D5ADABE1B153D7A00D5F860 /* Resources */ = {
			isa = PBXResourcesBuildPhase;
			buildActionMask = 2147483647;
			files = (
				2D5ADACB1B153D7A00D5F860 /* Main.storyboard in Resources */,
				2D5ADAD01B153D7A00D5F860 /* LaunchScreen.xib in Resources */,
				2D5ADACD1B153D7A00D5F860 /* Images.xcassets in Resources */,
			);
			runOnlyForDeploymentPostprocessing = 0;
		};
		2D5ADAD31B153D7A00D5F860 /* Resources */ = {
			isa = PBXResourcesBuildPhase;
			buildActionMask = 2147483647;
			files = (
			);
			runOnlyForDeploymentPostprocessing = 0;
		};
/* End PBXResourcesBuildPhase section */

/* Begin PBXSourcesBuildPhase section */
		2D5ADABC1B153D7A00D5F860 /* Sources */ = {
			isa = PBXSourcesBuildPhase;
			buildActionMask = 2147483647;
			files = (
				2D5ADAC81B153D7A00D5F860 /* ViewController.swift in Sources */,
				2D5ADB321B1598DB00D5F860 /* Price.swift in Sources */,
				2D5ADB301B15982400D5F860 /* Supplies.swift in Sources */,
				2D5ADAC61B153D7A00D5F860 /* AppDelegate.swift in Sources */,
				2D5ADB341B15A12200D5F860 /* Weather.swift in Sources */,
			);
			runOnlyForDeploymentPostprocessing = 0;
		};
		2D5ADAD11B153D7A00D5F860 /* Sources */ = {
			isa = PBXSourcesBuildPhase;
			buildActionMask = 2147483647;
			files = (
				2D5ADADC1B153D7A00D5F860 /* LemonadeStandGameTests.swift in Sources */,
			);
			runOnlyForDeploymentPostprocessing = 0;
		};
/* End PBXSourcesBuildPhase section */

/* Begin PBXTargetDependency section */
		2D5ADAD71B153D7A00D5F860 /* PBXTargetDependency */ = {
			isa = PBXTargetDependency;
			target = 2D5ADABF1B153D7A00D5F860 /* LemonadeStandGame */;
			targetProxy = 2D5ADAD61B153D7A00D5F860 /* PBXContainerItemProxy */;
		};
/* End PBXTargetDependency section */

/* Begin PBXVariantGroup section */
		2D5ADAC91B153D7A00D5F860 /* Main.storyboard */ = {
			isa = PBXVariantGroup;
			children = (
				2D5ADACA1B153D7A00D5F860 /* Base */,
			);
			name = Main.storyboard;
			sourceTree = "<group>";
		};
		2D5ADACE1B153D7A00D5F860 /* LaunchScreen.xib */ = {
			isa = PBXVariantGroup;
			children = (
				2D5ADACF1B153D7A00D5F860 /* Base */,
			);
			name = LaunchScreen.xib;
			sourceTree = "<group>";
		};
/* End PBXVariantGroup section */

/* Begin XCBuildConfiguration section */
		2D5ADADD1B153D7A00D5F860 /* Debug */ = {
			isa = XCBuildConfiguration;
			buildSettings = {
				ALWAYS_SEARCH_USER_PATHS = NO;
				CLANG_CXX_LANGUAGE_STANDARD = "gnu++0x";
				CLANG_CXX_LIBRARY = "libc++";
				CLANG_ENABLE_MODULES = YES;
				CLANG_ENABLE_OBJC_ARC = YES;
				CLANG_WARN_BOOL_CONVERSION = YES;
				CLANG_WARN_CONSTANT_CONVERSION = YES;
				CLANG_WARN_DIRECT_OBJC_ISA_USAGE = YES_ERROR;
				CLANG_WARN_EMPTY_BODY = YES;
				CLANG_WARN_ENUM_CONVERSION = YES;
				CLANG_WARN_INT_CONVERSION = YES;
				CLANG_WARN_OBJC_ROOT_CLASS = YES_ERROR;
				CLANG_WARN_UNREACHABLE_CODE = YES;
				CLANG_WARN__DUPLICATE_METHOD_MATCH = YES;
				"CODE_SIGN_IDENTITY[sdk=iphoneos*]" = "iPhone Developer";
				COPY_PHASE_STRIP = NO;
				DEBUG_INFORMATION_FORMAT = "dwarf-with-dsym";
				ENABLE_STRICT_OBJC_MSGSEND = YES;
				GCC_C_LANGUAGE_STANDARD = gnu99;
				GCC_DYNAMIC_NO_PIC = NO;
				GCC_NO_COMMON_BLOCKS = YES;
				GCC_OPTIMIZATION_LEVEL = 0;
				GCC_PREPROCESSOR_DEFINITIONS = (
					"DEBUG=1",
					"$(inherited)",
				);
				GCC_SYMBOLS_PRIVATE_EXTERN = NO;
				GCC_WARN_64_TO_32_BIT_CONVERSION = YES;
				GCC_WARN_ABOUT_RETURN_TYPE = YES_ERROR;
				GCC_WARN_UNDECLARED_SELECTOR = YES;
				GCC_WARN_UNINITIALIZED_AUTOS = YES_AGGRESSIVE;
				GCC_WARN_UNUSED_FUNCTION = YES;
				GCC_WARN_UNUSED_VARIABLE = YES;
				IPHONEOS_DEPLOYMENT_TARGET = 8.3;
				MTL_ENABLE_DEBUG_INFO = YES;
				ONLY_ACTIVE_ARCH = YES;
				SDKROOT = iphoneos;
				SWIFT_OPTIMIZATION_LEVEL = "-Onone";
				TARGETED_DEVICE_FAMILY = "1,2";
			};
			name = Debug;
		};
		2D5ADADE1B153D7A00D5F860 /* Release */ = {
			isa = XCBuildConfiguration;
			buildSettings = {
				ALWAYS_SEARCH_USER_PATHS = NO;
				CLANG_CXX_LANGUAGE_STANDARD = "gnu++0x";
				CLANG_CXX_LIBRARY = "libc++";
				CLANG_ENABLE_MODULES = YES;
				CLANG_ENABLE_OBJC_ARC = YES;
				CLANG_WARN_BOOL_CONVERSION = YES;
				CLANG_WARN_CONSTANT_CONVERSION = YES;
				CLANG_WARN_DIRECT_OBJC_ISA_USAGE = YES_ERROR;
				CLANG_WARN_EMPTY_BODY = YES;
				CLANG_WARN_ENUM_CONVERSION = YES;
				CLANG_WARN_INT_CONVERSION = YES;
				CLANG_WARN_OBJC_ROOT_CLASS = YES_ERROR;
				CLANG_WARN_UNREACHABLE_CODE = YES;
				CLANG_WARN__DUPLICATE_METHOD_MATCH = YES;
				"CODE_SIGN_IDENTITY[sdk=iphoneos*]" = "iPhone Developer";
				COPY_PHASE_STRIP = NO;
				DEBUG_INFORMATION_FORMAT = "dwarf-with-dsym";
				ENABLE_NS_ASSERTIONS = NO;
				ENABLE_STRICT_OBJC_MSGSEND = YES;
				GCC_C_LANGUAGE_STANDARD = gnu99;
				GCC_NO_COMMON_BLOCKS = YES;
				GCC_WARN_64_TO_32_BIT_CONVERSION = YES;
				GCC_WARN_ABOUT_RETURN_TYPE = YES_ERROR;
				GCC_WARN_UNDECLARED_SELECTOR = YES;
				GCC_WARN_UNINITIALIZED_AUTOS = YES_AGGRESSIVE;
				GCC_WARN_UNUSED_FUNCTION = YES;
				GCC_WARN_UNUSED_VARIABLE = YES;
				IPHONEOS_DEPLOYMENT_TARGET = 8.3;
				MTL_ENABLE_DEBUG_INFO = NO;
				SDKROOT = iphoneos;
				TARGETED_DEVICE_FAMILY = "1,2";
				VALIDATE_PRODUCT = YES;
			};
			name = Release;
		};
		2D5ADAE01B153D7A00D5F860 /* Debug */ = {
			isa = XCBuildConfiguration;
			buildSettings = {
				ASSETCATALOG_COMPILER_APPICON_NAME = AppIcon;
				INFOPLIST_FILE = LemonadeStandGame/Info.plist;
				LD_RUNPATH_SEARCH_PATHS = "$(inherited) @executable_path/Frameworks";
				PRODUCT_NAME = "$(TARGET_NAME)";
			};
			name = Debug;
		};
		2D5ADAE11B153D7A00D5F860 /* Release */ = {
			isa = XCBuildConfiguration;
			buildSettings = {
				ASSETCATALOG_COMPILER_APPICON_NAME = AppIcon;
				INFOPLIST_FILE = LemonadeStandGame/Info.plist;
				LD_RUNPATH_SEARCH_PATHS = "$(inherited) @executable_path/Frameworks";
				PRODUCT_NAME = "$(TARGET_NAME)";
			};
			name = Release;
		};
		2D5ADAE31B153D7A00D5F860 /* Debug */ = {
			isa = XCBuildConfiguration;
			buildSettings = {
				BUNDLE_LOADER = "$(TEST_HOST)";
				FRAMEWORK_SEARCH_PATHS = (
					"$(SDKROOT)/Developer/Library/Frameworks",
					"$(inherited)",
				);
				GCC_PREPROCESSOR_DEFINITIONS = (
					"DEBUG=1",
					"$(inherited)",
				);
				INFOPLIST_FILE = LemonadeStandGameTests/Info.plist;
				LD_RUNPATH_SEARCH_PATHS = "$(inherited) @executable_path/Frameworks @loader_path/Frameworks";
				PRODUCT_NAME = "$(TARGET_NAME)";
				TEST_HOST = "$(BUILT_PRODUCTS_DIR)/LemonadeStandGame.app/LemonadeStandGame";
			};
			name = Debug;
		};
		2D5ADAE41B153D7A00D5F860 /* Release */ = {
			isa = XCBuildConfiguration;
			buildSettings = {
				BUNDLE_LOADER = "$(TEST_HOST)";
				FRAMEWORK_SEARCH_PATHS = (
					"$(SDKROOT)/Developer/Library/Frameworks",
					"$(inherited)",
				);
				INFOPLIST_FILE = LemonadeStandGameTests/Info.plist;
				LD_RUNPATH_SEARCH_PATHS = "$(inherited) @executable_path/Frameworks @loader_path/Frameworks";
				PRODUCT_NAME = "$(TARGET_NAME)";
				TEST_HOST = "$(BUILT_PRODUCTS_DIR)/LemonadeStandGame.app/LemonadeStandGame";
			};
			name = Release;
		};
/* End XCBuildConfiguration section */

/* Begin XCConfigurationList section */
		2D5ADABB1B153D7A00D5F860 /* Build configuration list for PBXProject "LemonadeStandGame" */ = {
			isa = XCConfigurationList;
			buildConfigurations = (
				2D5ADADD1B153D7A00D5F860 /* Debug */,
				2D5ADADE1B153D7A00D5F860 /* Release */,
			);
			defaultConfigurationIsVisible = 0;
			defaultConfigurationName = Release;
		};
		2D5ADADF1B153D7A00D5F860 /* Build configuration list for PBXNativeTarget "LemonadeStandGame" */ = {
			isa = XCConfigurationList;
			buildConfigurations = (
				2D5ADAE01B153D7A00D5F860 /* Debug */,
				2D5ADAE11B153D7A00D5F860 /* Release */,
			);
			defaultConfigurationIsVisible = 0;
		};
		2D5ADAE21B153D7A00D5F860 /* Build configuration list for PBXNativeTarget "LemonadeStandGameTests" */ = {
			isa = XCConfigurationList;
			buildConfigurations = (
				2D5ADAE31B153D7A00D5F860 /* Debug */,
				2D5ADAE41B153D7A00D5F860 /* Release */,
			);
			defaultConfigurationIsVisible = 0;
		};
/* End XCConfigurationList section */
	};
	rootObject = 2D5ADAB81B153D7A00D5F860 /* Project object */;
}
